
Microsoft Visual Studio Solution File, Format Version 12.00
# Visual Studio Version 16
VisualStudioVersion = 16.0.29905.134
MinimumVisualStudioVersion = 10.0.40219.1
Project("{FAE04EC0-301F-11D3-BF4B-00C04F79EFBC}") = "hazi1", "hazi1\hazi1.csproj", "{6C56D1E4-CB8E-4917-95B8-3C86ECE2BF10}"
EndProject
Global
	GlobalSection(SolutionConfigurationPlatforms) = preSolution
		Debug|Any CPU = Debug|Any CPU
		Release|Any CPU = Release|Any CPU
	EndGlobalSection
	GlobalSection(ProjectConfigurationPlatforms) = postSolution
		{6C56D1E4-CB8E-4917-95B8-3C86ECE2BF10}.Debug|Any CPU.ActiveCfg = Debug|Any CPU
		{6C56D1E4-CB8E-4917-95B8-3C86ECE2BF10}.Debug|Any CPU.Build.0 = Debug|Any CPU
		{6C56D1E4-CB8E-4917-95B8-3C86ECE2BF10}.Release|Any CPU.ActiveCfg = Release|Any CPU
		{6C56D1E4-CB8E-4917-95B8-3C86ECE2BF10}.Release|Any CPU.Build.0 = Release|Any CPU
	EndGlobalSection
	GlobalSection(SolutionProperties) = preSolution
		HideSolutionNode = FALSE
	EndGlobalSection
	GlobalSection(ExtensibilityGlobals) = postSolution
		SolutionGuid = {3685E811-E5EC-47D6-83B6-FE80819BC89E}
	EndGlobalSection
EndGlobal
